
Microsoft Visual Studio Solution File, Format Version 12.00
# Visual Studio Version 16
VisualStudioVersion = 16.0.31005.135
MinimumVisualStudioVersion = 10.0.40219.1
Project("{9A19103F-16F7-4668-BE54-9A1E7A4F7556}") = "c-sharp", "c-sharp\c-sharp.csproj", "{21E89428-841F-4DDE-B7FD-377768042C0A}"
EndProject
Project("{9A19103F-16F7-4668-BE54-9A1E7A4F7556}") = "dispaly output methods", "dispaly output methods\dispaly output methods.csproj", "{6DFDA052-A487-476E-AEE2-ED2D9C6D2331}"
EndProject
Project("{9A19103F-16F7-4668-BE54-9A1E7A4F7556}") = "random programs", "random programs\random programs.csproj", "{1F3F2BAA-6ADF-447D-9EF3-09658BE62F66}"
EndProject
Project("{9A19103F-16F7-4668-BE54-9A1E7A4F7556}") = "conditionalStatements", "conditionalStatements\conditionalStatements.csproj", "{7839939C-E34F-48B1-A8FE-2F67B6E9C7C1}"
EndProject
Project("{9A19103F-16F7-4668-BE54-9A1E7A4F7556}") = "ForLoop", "ForLoop\ForLoop.csproj", "{833B9697-F102-49DA-89B7-018A07FAC79D}"
EndProject
Project("{9A19103F-16F7-4668-BE54-9A1E7A4F7556}") = "WhileDoWhile", "WhileDoWhile\WhileDoWhile.csproj", "{DA421DC4-4A0D-4A04-8572-4B168E09BC80}"
EndProject
Project("{9A19103F-16F7-4668-BE54-9A1E7A4F7556}") = "ArraysLiteral", "ArraysLiteral\ArraysLiteral.csproj", "{67FCF2F9-F9C0-490F-B1F1-38F826BCCA4A}"
EndProject
Project("{FAE04EC0-301F-11D3-BF4B-00C04F79EFBC}") = "TypeCasting", "TypeCasting\TypeCasting.csproj", "{618CA33E-A21B-4574-AB80-1EBAC72FEB02}"
EndProject
Project("{FAE04EC0-301F-11D3-BF4B-00C04F79EFBC}") = "ArraysMethods", "ArraysMethods\ArraysMethods.csproj", "{426E0271-8795-4273-AC0F-2B1235F01EA7}"
EndProject
Project("{FAE04EC0-301F-11D3-BF4B-00C04F79EFBC}") = "StringMethods", "StringMethods\StringMethods.csproj", "{EFC0367C-B47C-476C-84ED-CC28AB7C4403}"
EndProject
Global
	GlobalSection(SolutionConfigurationPlatforms) = preSolution
		Debug|Any CPU = Debug|Any CPU
		Release|Any CPU = Release|Any CPU
	EndGlobalSection
	GlobalSection(ProjectConfigurationPlatforms) = postSolution
		{21E89428-841F-4DDE-B7FD-377768042C0A}.Debug|Any CPU.ActiveCfg = Debug|Any CPU
		{21E89428-841F-4DDE-B7FD-377768042C0A}.Debug|Any CPU.Build.0 = Debug|Any CPU
		{21E89428-841F-4DDE-B7FD-377768042C0A}.Release|Any CPU.ActiveCfg = Release|Any CPU
		{21E89428-841F-4DDE-B7FD-377768042C0A}.Release|Any CPU.Build.0 = Release|Any CPU
		{6DFDA052-A487-476E-AEE2-ED2D9C6D2331}.Debug|Any CPU.ActiveCfg = Debug|Any CPU
		{6DFDA052-A487-476E-AEE2-ED2D9C6D2331}.Debug|Any CPU.Build.0 = Debug|Any CPU
		{6DFDA052-A487-476E-AEE2-ED2D9C6D2331}.Release|Any CPU.ActiveCfg = Release|Any CPU
		{6DFDA052-A487-476E-AEE2-ED2D9C6D2331}.Release|Any CPU.Build.0 = Release|Any CPU
		{1F3F2BAA-6ADF-447D-9EF3-09658BE62F66}.Debug|Any CPU.ActiveCfg = Debug|Any CPU
		{1F3F2BAA-6ADF-447D-9EF3-09658BE62F66}.Debug|Any CPU.Build.0 = Debug|Any CPU
		{1F3F2BAA-6ADF-447D-9EF3-09658BE62F66}.Release|Any CPU.ActiveCfg = Release|Any CPU
		{1F3F2BAA-6ADF-447D-9EF3-09658BE62F66}.Release|Any CPU.Build.0 = Release|Any CPU
		{7839939C-E34F-48B1-A8FE-2F67B6E9C7C1}.Debug|Any CPU.ActiveCfg = Debug|Any CPU
		{7839939C-E34F-48B1-A8FE-2F67B6E9C7C1}.Debug|Any CPU.Build.0 = Debug|Any CPU
		{7839939C-E34F-48B1-A8FE-2F67B6E9C7C1}.Release|Any CPU.ActiveCfg = Release|Any CPU
		{7839939C-E34F-48B1-A8FE-2F67B6E9C7C1}.Release|Any CPU.Build.0 = Release|Any CPU
		{833B9697-F102-49DA-89B7-018A07FAC79D}.Debug|Any CPU.ActiveCfg = Debug|Any CPU
		{833B9697-F102-49DA-89B7-018A07FAC79D}.Debug|Any CPU.Build.0 = Debug|Any CPU
		{833B9697-F102-49DA-89B7-018A07FAC79D}.Release|Any CPU.ActiveCfg = Release|Any CPU
		{833B9697-F102-49DA-89B7-018A07FAC79D}.Release|Any CPU.Build.0 = Release|Any CPU
		{DA421DC4-4A0D-4A04-8572-4B168E09BC80}.Debug|Any CPU.ActiveCfg = Debug|Any CPU
		{DA421DC4-4A0D-4A04-8572-4B168E09BC80}.Debug|Any CPU.Build.0 = Debug|Any CPU
		{DA421DC4-4A0D-4A04-8572-4B168E09BC80}.Release|Any CPU.ActiveCfg = Release|Any CPU
		{DA421DC4-4A0D-4A04-8572-4B168E09BC80}.Release|Any CPU.Build.0 = Release|Any CPU
		{67FCF2F9-F9C0-490F-B1F1-38F826BCCA4A}.Debug|Any CPU.ActiveCfg = Debug|Any CPU
		{67FCF2F9-F9C0-490F-B1F1-38F826BCCA4A}.Debug|Any CPU.Build.0 = Debug|Any CPU
		{67FCF2F9-F9C0-490F-B1F1-38F826BCCA4A}.Release|Any CPU.ActiveCfg = Release|Any CPU
		{67FCF2F9-F9C0-490F-B1F1-38F826BCCA4A}.Release|Any CPU.Build.0 = Release|Any CPU
		{618CA33E-A21B-4574-AB80-1EBAC72FEB02}.Debug|Any CPU.ActiveCfg = Debug|Any CPU
		{618CA33E-A21B-4574-AB80-1EBAC72FEB02}.Debug|Any CPU.Build.0 = Debug|Any CPU
		{618CA33E-A21B-4574-AB80-1EBAC72FEB02}.Release|Any CPU.ActiveCfg = Release|Any CPU
		{618CA33E-A21B-4574-AB80-1EBAC72FEB02}.Release|Any CPU.Build.0 = Release|Any CPU
		{426E0271-8795-4273-AC0F-2B1235F01EA7}.Debug|Any CPU.ActiveCfg = Debug|Any CPU
		{426E0271-8795-4273-AC0F-2B1235F01EA7}.Debug|Any CPU.Build.0 = Debug|Any CPU
		{426E0271-8795-4273-AC0F-2B1235F01EA7}.Release|Any CPU.ActiveCfg = Release|Any CPU
		{426E0271-8795-4273-AC0F-2B1235F01EA7}.Release|Any CPU.Build.0 = Release|Any CPU
		{EFC0367C-B47C-476C-84ED-CC28AB7C4403}.Debug|Any CPU.ActiveCfg = Debug|Any CPU
		{EFC0367C-B47C-476C-84ED-CC28AB7C4403}.Debug|Any CPU.Build.0 = Debug|Any CPU
		{EFC0367C-B47C-476C-84ED-CC28AB7C4403}.Release|Any CPU.ActiveCfg = Release|Any CPU
		{EFC0367C-B47C-476C-84ED-CC28AB7C4403}.Release|Any CPU.Build.0 = Release|Any CPU
	EndGlobalSection
	GlobalSection(SolutionProperties) = preSolution
		HideSolutionNode = FALSE
	EndGlobalSection
	GlobalSection(ExtensibilityGlobals) = postSolution
		SolutionGuid = {AA52B76E-01B6-40B5-AF32-A372141F9C9D}
	EndGlobalSection
EndGlobal
